Microsoft Visual Studio Solution File, Format Version 11.00
# Visual Studio 2008

Project("{C3D80162-D725-1DEC-8199-C236119A2B3F}") = "dreamshooting", "Assembly-CSharp.csproj", "{AA60E8F5-3993-DF8B-2434-5D17E9AA9049}"
EndProject
Project("{C3D80162-D725-1DEC-8199-C236119A2B3F}") = "dreamshooting", "Assembly-CSharp-Editor.csproj", "{F554B3D1-3B6C-1D5E-D81B-8BD18532F129}"
EndProject
Global
	GlobalSection(SolutionConfigurationPlatforms) = preSolution
		Debug|Any CPU = Debug|Any CPU
		Release|Any CPU = Release|Any CPU
	EndGlobalSection
	GlobalSection(ProjectConfigurationPlatforms) = postSolution
		{AA60E8F5-3993-DF8B-2434-5D17E9AA9049}.Debug|Any CPU.ActiveCfg = Debug|Any CPU
		{AA60E8F5-3993-DF8B-2434-5D17E9AA9049}.Debug|Any CPU.Build.0 = Debug|Any CPU
		{AA60E8F5-3993-DF8B-2434-5D17E9AA9049}.Release|Any CPU.ActiveCfg = Release|Any CPU
		{AA60E8F5-3993-DF8B-2434-5D17E9AA9049}.Release|Any CPU.Build.0 = Release|Any CPU
		{F554B3D1-3B6C-1D5E-D81B-8BD18532F129}.Debug|Any CPU.ActiveCfg = Debug|Any CPU
		{F554B3D1-3B6C-1D5E-D81B-8BD18532F129}.Debug|Any CPU.Build.0 = Debug|Any CPU
		{F554B3D1-3B6C-1D5E-D81B-8BD18532F129}.Release|Any CPU.ActiveCfg = Release|Any CPU
		{F554B3D1-3B6C-1D5E-D81B-8BD18532F129}.Release|Any CPU.Build.0 = Release|Any CPU
	EndGlobalSection
	GlobalSection(SolutionProperties) = preSolution
		HideSolutionNode = FALSE
	EndGlobalSection
	GlobalSection(MonoDevelopProperties) = preSolution
		StartupItem = Assembly-CSharp.csproj
	EndGlobalSection
EndGlobal
